
Microsoft Visual Studio Solution File, Format Version 12.00
# Visual Studio 15
VisualStudioVersion = 15.0.27428.2015
MinimumVisualStudioVersion = 10.0.40219.1
Project("{FAE04EC0-301F-11D3-BF4B-00C04F79EFBC}") = "Tutorial Generation", "Tutorial Generation\Tutorial Generation.csproj", "{13A45C13-3265-47B8-BC48-A553B569DF55}"
EndProject
Project("{FAE04EC0-301F-11D3-BF4B-00C04F79EFBC}") = "Assembly-CSharp", "C:\Users\tgbtg\Downloads\Tutorial-Generation-master\App\GeneratedProjects\UWP\Assembly-CSharp\Assembly-CSharp.csproj", "{2587D718-C5FA-4939-8633-D3C6268F764D}"
EndProject
Project("{FAE04EC0-301F-11D3-BF4B-00C04F79EFBC}") = "Assembly-CSharp-firstpass", "C:\Users\tgbtg\Downloads\Tutorial-Generation-master\App\GeneratedProjects\UWP\Assembly-CSharp-firstpass\Assembly-CSharp-firstpass.csproj", "{BF002246-6FCF-4900-989C-9B93CE98E9DB}"
EndProject
Global
	GlobalSection(SolutionConfigurationPlatforms) = preSolution
		Debug|ARM = Debug|ARM
		Debug|x64 = Debug|x64
		Debug|x86 = Debug|x86
		Master|ARM = Master|ARM
		Master|x64 = Master|x64
		Master|x86 = Master|x86
		Release|ARM = Release|ARM
		Release|x64 = Release|x64
		Release|x86 = Release|x86
	EndGlobalSection
	GlobalSection(ProjectConfigurationPlatforms) = postSolution
		{13A45C13-3265-47B8-BC48-A553B569DF55}.Debug|ARM.ActiveCfg = Debug|ARM
		{13A45C13-3265-47B8-BC48-A553B569DF55}.Debug|ARM.Build.0 = Debug|ARM
		{13A45C13-3265-47B8-BC48-A553B569DF55}.Debug|ARM.Deploy.0 = Debug|ARM
		{13A45C13-3265-47B8-BC48-A553B569DF55}.Debug|x64.ActiveCfg = Debug|x64
		{13A45C13-3265-47B8-BC48-A553B569DF55}.Debug|x64.Build.0 = Debug|x64
		{13A45C13-3265-47B8-BC48-A553B569DF55}.Debug|x64.Deploy.0 = Debug|x64
		{13A45C13-3265-47B8-BC48-A553B569DF55}.Debug|x86.ActiveCfg = Debug|x86
		{13A45C13-3265-47B8-BC48-A553B569DF55}.Debug|x86.Build.0 = Debug|x86
		{13A45C13-3265-47B8-BC48-A553B569DF55}.Debug|x86.Deploy.0 = Debug|x86
		{13A45C13-3265-47B8-BC48-A553B569DF55}.Master|ARM.ActiveCfg = Master|ARM
		{13A45C13-3265-47B8-BC48-A553B569DF55}.Master|ARM.Build.0 = Master|ARM
		{13A45C13-3265-47B8-BC48-A553B569DF55}.Master|ARM.Deploy.0 = Master|ARM
		{13A45C13-3265-47B8-BC48-A553B569DF55}.Master|x64.ActiveCfg = Master|x64
		{13A45C13-3265-47B8-BC48-A553B569DF55}.Master|x64.Build.0 = Master|x64
		{13A45C13-3265-47B8-BC48-A553B569DF55}.Master|x64.Deploy.0 = Master|x64
		{13A45C13-3265-47B8-BC48-A553B569DF55}.Master|x86.ActiveCfg = Master|x86
		{13A45C13-3265-47B8-BC48-A553B569DF55}.Master|x86.Build.0 = Master|x86
		{13A45C13-3265-47B8-BC48-A553B569DF55}.Master|x86.Deploy.0 = Master|x86
		{13A45C13-3265-47B8-BC48-A553B569DF55}.Release|ARM.ActiveCfg = Release|ARM
		{13A45C13-3265-47B8-BC48-A553B569DF55}.Release|ARM.Build.0 = Release|ARM
		{13A45C13-3265-47B8-BC48-A553B569DF55}.Release|ARM.Deploy.0 = Release|ARM
		{13A45C13-3265-47B8-BC48-A553B569DF55}.Release|x64.ActiveCfg = Release|x64
		{13A45C13-3265-47B8-BC48-A553B569DF55}.Release|x64.Build.0 = Release|x64
		{13A45C13-3265-47B8-BC48-A553B569DF55}.Release|x64.Deploy.0 = Release|x64
		{13A45C13-3265-47B8-BC48-A553B569DF55}.Release|x86.ActiveCfg = Release|x86
		{13A45C13-3265-47B8-BC48-A553B569DF55}.Release|x86.Build.0 = Release|x86
		{13A45C13-3265-47B8-BC48-A553B569DF55}.Release|x86.Deploy.0 = Release|x86
		{2587D718-C5FA-4939-8633-D3C6268F764D}.Debug|ARM.ActiveCfg = Debug|ARM
		{2587D718-C5FA-4939-8633-D3C6268F764D}.Debug|ARM.Build.0 = Debug|ARM
		{2587D718-C5FA-4939-8633-D3C6268F764D}.Debug|x64.ActiveCfg = Debug|x64
		{2587D718-C5FA-4939-8633-D3C6268F764D}.Debug|x64.Build.0 = Debug|x64
		{2587D718-C5FA-4939-8633-D3C6268F764D}.Debug|x86.ActiveCfg = Debug|x86
		{2587D718-C5FA-4939-8633-D3C6268F764D}.Debug|x86.Build.0 = Debug|x86
		{2587D718-C5FA-4939-8633-D3C6268F764D}.Master|ARM.ActiveCfg = Master|ARM
		{2587D718-C5FA-4939-8633-D3C6268F764D}.Master|ARM.Build.0 = Master|ARM
		{2587D718-C5FA-4939-8633-D3C6268F764D}.Master|x64.ActiveCfg = Master|x64
		{2587D718-C5FA-4939-8633-D3C6268F764D}.Master|x64.Build.0 = Master|x64
		{2587D718-C5FA-4939-8633-D3C6268F764D}.Master|x86.ActiveCfg = Master|x86
		{2587D718-C5FA-4939-8633-D3C6268F764D}.Master|x86.Build.0 = Master|x86
		{2587D718-C5FA-4939-8633-D3C6268F764D}.Release|ARM.ActiveCfg = Release|ARM
		{2587D718-C5FA-4939-8633-D3C6268F764D}.Release|ARM.Build.0 = Release|ARM
		{2587D718-C5FA-4939-8633-D3C6268F764D}.Release|x64.ActiveCfg = Release|x64
		{2587D718-C5FA-4939-8633-D3C6268F764D}.Release|x64.Build.0 = Release|x64
		{2587D718-C5FA-4939-8633-D3C6268F764D}.Release|x86.ActiveCfg = Release|x86
		{2587D718-C5FA-4939-8633-D3C6268F764D}.Release|x86.Build.0 = Release|x86
		{BF002246-6FCF-4900-989C-9B93CE98E9DB}.Debug|ARM.ActiveCfg = Debug|ARM
		{BF002246-6FCF-4900-989C-9B93CE98E9DB}.Debug|ARM.Build.0 = Debug|ARM
		{BF002246-6FCF-4900-989C-9B93CE98E9DB}.Debug|x64.ActiveCfg = Debug|x64
		{BF002246-6FCF-4900-989C-9B93CE98E9DB}.Debug|x64.Build.0 = Debug|x64
		{BF002246-6FCF-4900-989C-9B93CE98E9DB}.Debug|x86.ActiveCfg = Debug|x86
		{BF002246-6FCF-4900-989C-9B93CE98E9DB}.Debug|x86.Build.0 = Debug|x86
		{BF002246-6FCF-4900-989C-9B93CE98E9DB}.Master|ARM.ActiveCfg = Master|ARM
		{BF002246-6FCF-4900-989C-9B93CE98E9DB}.Master|ARM.Build.0 = Master|ARM
		{BF002246-6FCF-4900-989C-9B93CE98E9DB}.Master|x64.ActiveCfg = Master|x64
		{BF002246-6FCF-4900-989C-9B93CE98E9DB}.Master|x64.Build.0 = Master|x64
		{BF002246-6FCF-4900-989C-9B93CE98E9DB}.Master|x86.ActiveCfg = Master|x86
		{BF002246-6FCF-4900-989C-9B93CE98E9DB}.Master|x86.Build.0 = Master|x86
		{BF002246-6FCF-4900-989C-9B93CE98E9DB}.Release|ARM.ActiveCfg = Release|ARM
		{BF002246-6FCF-4900-989C-9B93CE98E9DB}.Release|ARM.Build.0 = Release|ARM
		{BF002246-6FCF-4900-989C-9B93CE98E9DB}.Release|x64.ActiveCfg = Release|x64
		{BF002246-6FCF-4900-989C-9B93CE98E9DB}.Release|x64.Build.0 = Release|x64
		{BF002246-6FCF-4900-989C-9B93CE98E9DB}.Release|x86.ActiveCfg = Release|x86
		{BF002246-6FCF-4900-989C-9B93CE98E9DB}.Release|x86.Build.0 = Release|x86
	EndGlobalSection
	GlobalSection(SolutionProperties) = preSolution
		HideSolutionNode = FALSE
	EndGlobalSection
	GlobalSection(ExtensibilityGlobals) = postSolution
		SolutionGuid = {40889286-2627-4078-BBC0-35761BC16219}
	EndGlobalSection
EndGlobal
